
Microsoft Visual Studio Solution File, Format Version 12.00
# Visual Studio Version 17
VisualStudioVersion = 17.14.36310.24 d17.14
MinimumVisualStudioVersion = 10.0.40219.1
Project("{FAE04EC0-301F-11D3-BF4B-00C04F79EFBC}") = "IssueTracker.Core", "IssueTracker.Core\IssueTracker.Core.csproj", "{6E848EB6-3AAC-44F5-8D03-119656CCECCF}"
EndProject
Project("{FAE04EC0-301F-11D3-BF4B-00C04F79EFBC}") = "IssueTracker.Application", "IssueTracker.Application\IssueTracker.Application.csproj", "{759C9FE4-27B4-43FE-BF1E-BFAB46BDB408}"
EndProject
Project("{FAE04EC0-301F-11D3-BF4B-00C04F79EFBC}") = "IssueTracker.Infrastructure", "IssueTracker.Infrastructure\IssueTracker.Infrastructure.csproj", "{FFBE8294-20CB-4720-8597-883E4C94A308}"
EndProject
Project("{FAE04EC0-301F-11D3-BF4B-00C04F79EFBC}") = "IssueTracker.ConsoleApp", "IssueTracker.ConsoleApp\IssueTracker.ConsoleApp.csproj", "{2F5418FB-642B-4457-8CEB-31A4C5668933}"
EndProject
Global
	GlobalSection(SolutionConfigurationPlatforms) = preSolution
		Debug|Any CPU = Debug|Any CPU
		Release|Any CPU = Release|Any CPU
	EndGlobalSection
	GlobalSection(ProjectConfigurationPlatforms) = postSolution
		{6E848EB6-3AAC-44F5-8D03-119656CCECCF}.Debug|Any CPU.ActiveCfg = Debug|Any CPU
		{6E848EB6-3AAC-44F5-8D03-119656CCECCF}.Debug|Any CPU.Build.0 = Debug|Any CPU
		{6E848EB6-3AAC-44F5-8D03-119656CCECCF}.Release|Any CPU.ActiveCfg = Release|Any CPU
		{6E848EB6-3AAC-44F5-8D03-119656CCECCF}.Release|Any CPU.Build.0 = Release|Any CPU
		{759C9FE4-27B4-43FE-BF1E-BFAB46BDB408}.Debug|Any CPU.ActiveCfg = Debug|Any CPU
		{759C9FE4-27B4-43FE-BF1E-BFAB46BDB408}.Debug|Any CPU.Build.0 = Debug|Any CPU
		{759C9FE4-27B4-43FE-BF1E-BFAB46BDB408}.Release|Any CPU.ActiveCfg = Release|Any CPU
		{759C9FE4-27B4-43FE-BF1E-BFAB46BDB408}.Release|Any CPU.Build.0 = Release|Any CPU
		{FFBE8294-20CB-4720-8597-883E4C94A308}.Debug|Any CPU.ActiveCfg = Debug|Any CPU
		{FFBE8294-20CB-4720-8597-883E4C94A308}.Debug|Any CPU.Build.0 = Debug|Any CPU
		{FFBE8294-20CB-4720-8597-883E4C94A308}.Release|Any CPU.ActiveCfg = Release|Any CPU
		{FFBE8294-20CB-4720-8597-883E4C94A308}.Release|Any CPU.Build.0 = Release|Any CPU
		{2F5418FB-642B-4457-8CEB-31A4C5668933}.Debug|Any CPU.ActiveCfg = Debug|Any CPU
		{2F5418FB-642B-4457-8CEB-31A4C5668933}.Debug|Any CPU.Build.0 = Debug|Any CPU
		{2F5418FB-642B-4457-8CEB-31A4C5668933}.Release|Any CPU.ActiveCfg = Release|Any CPU
		{2F5418FB-642B-4457-8CEB-31A4C5668933}.Release|Any CPU.Build.0 = Release|Any CPU
	EndGlobalSection
	GlobalSection(SolutionProperties) = preSolution
		HideSolutionNode = FALSE
	EndGlobalSection
	GlobalSection(ExtensibilityGlobals) = postSolution
		SolutionGuid = {34E41552-EAA4-44B3-9594-9252BB9360FF}
	EndGlobalSection
EndGlobal
